
Microsoft Visual Studio Solution File, Format Version 12.00
# Visual Studio 15
VisualStudioVersion = 15.0.27004.2005
MinimumVisualStudioVersion = 10.0.40219.1
Project("{FAE04EC0-301F-11D3-BF4B-00C04F79EFBC}") = "AutomobileLab", "AutomobileLab\AutomobileLab.csproj", "{F0ECC20C-3808-44EA-A9CF-97A4D8B96442}"
EndProject
Project("{E53339B2-1760-4266-BCC7-CA923CBCF16C}") = "docker-compose", "docker-compose.dcproj", "{35793558-41F5-45CE-9D4F-8A3B3838CCC5}"
EndProject
Global
	GlobalSection(SolutionConfigurationPlatforms) = preSolution
		Debug|Any CPU = Debug|Any CPU
		Release|Any CPU = Release|Any CPU
	EndGlobalSection
	GlobalSection(ProjectConfigurationPlatforms) = postSolution
		{F0ECC20C-3808-44EA-A9CF-97A4D8B96442}.Debug|Any CPU.ActiveCfg = Debug|Any CPU
		{F0ECC20C-3808-44EA-A9CF-97A4D8B96442}.Debug|Any CPU.Build.0 = Debug|Any CPU
		{F0ECC20C-3808-44EA-A9CF-97A4D8B96442}.Release|Any CPU.ActiveCfg = Release|Any CPU
		{F0ECC20C-3808-44EA-A9CF-97A4D8B96442}.Release|Any CPU.Build.0 = Release|Any CPU
		{35793558-41F5-45CE-9D4F-8A3B3838CCC5}.Debug|Any CPU.ActiveCfg = Debug|Any CPU
		{35793558-41F5-45CE-9D4F-8A3B3838CCC5}.Debug|Any CPU.Build.0 = Debug|Any CPU
		{35793558-41F5-45CE-9D4F-8A3B3838CCC5}.Release|Any CPU.ActiveCfg = Release|Any CPU
		{35793558-41F5-45CE-9D4F-8A3B3838CCC5}.Release|Any CPU.Build.0 = Release|Any CPU
	EndGlobalSection
	GlobalSection(SolutionProperties) = preSolution
		HideSolutionNode = FALSE
	EndGlobalSection
	GlobalSection(ExtensibilityGlobals) = postSolution
		SolutionGuid = {D4FD7D21-5055-4E4D-BAF6-E77D42103467}
	EndGlobalSection
EndGlobal
